{
  "requires": true,
  "lockfileVersion": 1,
  "dependencies": {
    "@umbraco-cms/backoffice": {
      "version": "17.2.0",
      "resolved": "https://registry.npmjs.org/@umbraco-cms/backoffice/-/backoffice-17.2.0.tgz",
      "integrity": "sha512-t2/Z+4kle14avfeNGtpUsL/gTPLFK5UUmCqTnHTE4QdB201Xiz5IZQQuztNbxkmy7Pivf11ghHzkHH4MRCdBCg=="
    }
  }
}
